// !$*UTF8*$!
{
	archiveVersion = 1;
	classes = {
	};
	objectVersion = 56;
	objects = {

/* Begin PBXBuildFile section */
		C241E0E52B2DDC2500234A36 /* EditPhotoFilterCell.swift in Sources */ = {isa = PBXBuildFile; fileRef = C241E0E42B2DDC2500234A36 /* EditPhotoFilterCell.swift */; };
		C24464492B1B1E3400F0B029 /* ListFilterCell.swift in Sources */ = {isa = PBXBuildFile; fileRef = C24464482B1B1E3400F0B029 /* ListFilterCell.swift */; };
		C244644D2B1B4E7100F0B029 /* CreateFilterInteractor.swift in Sources */ = {isa = PBXBuildFile; fileRef = C244644C2B1B4E7100F0B029 /* CreateFilterInteractor.swift */; };
		C24464512B1B4EA100F0B029 /* CreateFilterViewController.swift in Sources */ = {isa = PBXBuildFile; fileRef = C24464502B1B4EA100F0B029 /* CreateFilterViewController.swift */; };
		C24464532B1B4EAC00F0B029 /* CreateFilterPresenter.swift in Sources */ = {isa = PBXBuildFile; fileRef = C24464522B1B4EAC00F0B029 /* CreateFilterPresenter.swift */; };
		C24464552B1B4EBC00F0B029 /* CreateFilterWorker.swift in Sources */ = {isa = PBXBuildFile; fileRef = C24464542B1B4EBC00F0B029 /* CreateFilterWorker.swift */; };
		C24464572B1B4EC200F0B029 /* CreateFilterRouter.swift in Sources */ = {isa = PBXBuildFile; fileRef = C24464562B1B4EC200F0B029 /* CreateFilterRouter.swift */; };
		C284660E2B15EC7C006D4E40 /* FilterCell.swift in Sources */ = {isa = PBXBuildFile; fileRef = C284660D2B15EC7C006D4E40 /* FilterCell.swift */; };
		C2F1C80B2B078F37002F732D /* AppDelegate.swift in Sources */ = {isa = PBXBuildFile; fileRef = C2F1C80A2B078F37002F732D /* AppDelegate.swift */; };
		C2F1C80D2B078F37002F732D /* SceneDelegate.swift in Sources */ = {isa = PBXBuildFile; fileRef = C2F1C80C2B078F37002F732D /* SceneDelegate.swift */; };
		C2F1C8142B078F38002F732D /* Assets.xcassets in Resources */ = {isa = PBXBuildFile; fileRef = C2F1C8132B078F38002F732D /* Assets.xcassets */; };
		C2F1C8172B078F38002F732D /* LaunchScreen.storyboard in Resources */ = {isa = PBXBuildFile; fileRef = C2F1C8152B078F38002F732D /* LaunchScreen.storyboard */; };
		ED442E6A2B195B5700A030C6 /* FiltersWorker.swift in Sources */ = {isa = PBXBuildFile; fileRef = ED442E692B195B5700A030C6 /* FiltersWorker.swift */; };
		ED442E6C2B19628900A030C6 /* FilterMemStore.swift in Sources */ = {isa = PBXBuildFile; fileRef = ED442E6B2B19628900A030C6 /* FilterMemStore.swift */; };
		EDB191212B2971E400DD1BA9 /* RxSwift in Frameworks */ = {isa = PBXBuildFile; productRef = EDB191202B2971E400DD1BA9 /* RxSwift */; };
		EDBE1C602B2FC4E500C41B37 /* GoogleService-Info.plist in Resources */ = {isa = PBXBuildFile; fileRef = EDBE1C5F2B2FC4E500C41B37 /* GoogleService-Info.plist */; };
		EDBE1C632B2FC59800C41B37 /* FirebaseAnalytics in Frameworks */ = {isa = PBXBuildFile; productRef = EDBE1C622B2FC59800C41B37 /* FirebaseAnalytics */; };
		EDC5DF552B2BE1A60089BCA3 /* EditPhotoPresenter.swift in Sources */ = {isa = PBXBuildFile; fileRef = EDC5DF4F2B2BE1A60089BCA3 /* EditPhotoPresenter.swift */; };
		EDC5DF562B2BE1A60089BCA3 /* EditPhotoWorker.swift in Sources */ = {isa = PBXBuildFile; fileRef = EDC5DF502B2BE1A60089BCA3 /* EditPhotoWorker.swift */; };
		EDC5DF572B2BE1A60089BCA3 /* EditPhotoRouter.swift in Sources */ = {isa = PBXBuildFile; fileRef = EDC5DF512B2BE1A60089BCA3 /* EditPhotoRouter.swift */; };
		EDC5DF582B2BE1A60089BCA3 /* EditPhotoModels.swift in Sources */ = {isa = PBXBuildFile; fileRef = EDC5DF522B2BE1A60089BCA3 /* EditPhotoModels.swift */; };
		EDC5DF592B2BE1A60089BCA3 /* EditPhotoViewController.swift in Sources */ = {isa = PBXBuildFile; fileRef = EDC5DF532B2BE1A60089BCA3 /* EditPhotoViewController.swift */; };
		EDC5DF5A2B2BE1A60089BCA3 /* EditPhotoInteractor.swift in Sources */ = {isa = PBXBuildFile; fileRef = EDC5DF542B2BE1A60089BCA3 /* EditPhotoInteractor.swift */; };
		EDE29D282B1F120F00C73406 /* SliderPropertyView.swift in Sources */ = {isa = PBXBuildFile; fileRef = EDE29D272B1F120F00C73406 /* SliderPropertyView.swift */; };
		EDE29D2A2B1F652500C73406 /* ColorPickerPropertyView.swift in Sources */ = {isa = PBXBuildFile; fileRef = EDE29D292B1F652500C73406 /* ColorPickerPropertyView.swift */; };
		EDE29D2C2B1F668F00C73406 /* PropertyView.swift in Sources */ = {isa = PBXBuildFile; fileRef = EDE29D2B2B1F668F00C73406 /* PropertyView.swift */; };
		EDEC737A2B145DA400595A95 /* CameraPreviewPresenter.swift in Sources */ = {isa = PBXBuildFile; fileRef = EDEC73742B145DA400595A95 /* CameraPreviewPresenter.swift */; };
		EDEC737B2B145DA400595A95 /* CameraPreviewWorker.swift in Sources */ = {isa = PBXBuildFile; fileRef = EDEC73752B145DA400595A95 /* CameraPreviewWorker.swift */; };
		EDEC737C2B145DA400595A95 /* CameraPreviewRouter.swift in Sources */ = {isa = PBXBuildFile; fileRef = EDEC73762B145DA400595A95 /* CameraPreviewRouter.swift */; };
		EDEC737D2B145DA400595A95 /* CameraPreviewModels.swift in Sources */ = {isa = PBXBuildFile; fileRef = EDEC73772B145DA400595A95 /* CameraPreviewModels.swift */; };
		EDEC737E2B145DA400595A95 /* CameraPreviewViewController.swift in Sources */ = {isa = PBXBuildFile; fileRef = EDEC73782B145DA400595A95 /* CameraPreviewViewController.swift */; };
		EDEC737F2B145DA400595A95 /* CameraPreviewInteractor.swift in Sources */ = {isa = PBXBuildFile; fileRef = EDEC73792B145DA400595A95 /* CameraPreviewInteractor.swift */; };
		EDEC73822B14636B00595A95 /* CameraFilter.swift in Sources */ = {isa = PBXBuildFile; fileRef = EDEC73812B14636B00595A95 /* CameraFilter.swift */; };
		EDEC73972B17329E00595A95 /* CreateFilterModels.swift in Sources */ = {isa = PBXBuildFile; fileRef = EDEC73962B17329E00595A95 /* CreateFilterModels.swift */; };
		EDEC739D2B181E1300595A95 /* ListFiltersModels.swift in Sources */ = {isa = PBXBuildFile; fileRef = EDEC739C2B181E1300595A95 /* ListFiltersModels.swift */; };
		EDEC73A92B1823DE00595A95 /* ListFiltersInteractor.swift in Sources */ = {isa = PBXBuildFile; fileRef = EDEC73A82B1823DE00595A95 /* ListFiltersInteractor.swift */; };
		EDEC73AB2B18242D00595A95 /* ListFiltersPresenter.swift in Sources */ = {isa = PBXBuildFile; fileRef = EDEC73AA2B18242D00595A95 /* ListFiltersPresenter.swift */; };
		EDEC73AD2B18243C00595A95 /* ListFiltersViewController.swift in Sources */ = {isa = PBXBuildFile; fileRef = EDEC73AC2B18243C00595A95 /* ListFiltersViewController.swift */; };
		EDEC73B12B18244A00595A95 /* ListFiltersRouter.swift in Sources */ = {isa = PBXBuildFile; fileRef = EDEC73B02B18244A00595A95 /* ListFiltersRouter.swift */; };
/* End PBXBuildFile section */

/* Begin PBXCopyFilesBuildPhase section */
		ED97386B2B29593F007030CC /* Embed Frameworks */ = {
			isa = PBXCopyFilesBuildPhase;
			buildActionMask = 2147483647;
			dstPath = "";
			dstSubfolderSpec = 10;
			files = (
			);
			name = "Embed Frameworks";
			runOnlyForDeploymentPostprocessing = 0;
		};
/* End PBXCopyFilesBuildPhase section */

/* Begin PBXFileReference section */
		C241E0E42B2DDC2500234A36 /* EditPhotoFilterCell.swift */ = {isa = PBXFileReference; lastKnownFileType = sourcecode.swift; path = EditPhotoFilterCell.swift; sourceTree = "<group>"; };
		C24464482B1B1E3400F0B029 /* ListFilterCell.swift */ = {isa = PBXFileReference; lastKnownFileType = sourcecode.swift; path = ListFilterCell.swift; sourceTree = "<group>"; };
		C244644C2B1B4E7100F0B029 /* CreateFilterInteractor.swift */ = {isa = PBXFileReference; lastKnownFileType = sourcecode.swift; path = CreateFilterInteractor.swift; sourceTree = "<group>"; };
		C24464502B1B4EA100F0B029 /* CreateFilterViewController.swift */ = {isa = PBXFileReference; lastKnownFileType = sourcecode.swift; path = CreateFilterViewController.swift; sourceTree = "<group>"; };
		C24464522B1B4EAC00F0B029 /* CreateFilterPresenter.swift */ = {isa = PBXFileReference; lastKnownFileType = sourcecode.swift; path = CreateFilterPresenter.swift; sourceTree = "<group>"; };
		C24464542B1B4EBC00F0B029 /* CreateFilterWorker.swift */ = {isa = PBXFileReference; lastKnownFileType = sourcecode.swift; path = CreateFilterWorker.swift; sourceTree = "<group>"; };
		C24464562B1B4EC200F0B029 /* CreateFilterRouter.swift */ = {isa = PBXFileReference; lastKnownFileType = sourcecode.swift; path = CreateFilterRouter.swift; sourceTree = "<group>"; };
		C284660D2B15EC7C006D4E40 /* FilterCell.swift */ = {isa = PBXFileReference; lastKnownFileType = sourcecode.swift; path = FilterCell.swift; sourceTree = "<group>"; };
		C2F1C8072B078F37002F732D /* CameraFilterApp.app */ = {isa = PBXFileReference; explicitFileType = wrapper.application; includeInIndex = 0; path = CameraFilterApp.app; sourceTree = BUILT_PRODUCTS_DIR; };
		C2F1C80A2B078F37002F732D /* AppDelegate.swift */ = {isa = PBXFileReference; lastKnownFileType = sourcecode.swift; path = AppDelegate.swift; sourceTree = "<group>"; };
		C2F1C80C2B078F37002F732D /* SceneDelegate.swift */ = {isa = PBXFileReference; lastKnownFileType = sourcecode.swift; path = SceneDelegate.swift; sourceTree = "<group>"; };
		C2F1C8132B078F38002F732D /* Assets.xcassets */ = {isa = PBXFileReference; lastKnownFileType = folder.assetcatalog; path = Assets.xcassets; sourceTree = "<group>"; };
		C2F1C8162B078F38002F732D /* Base */ = {isa = PBXFileReference; lastKnownFileType = file.storyboard; name = Base; path = Base.lproj/LaunchScreen.storyboard; sourceTree = "<group>"; };
		C2F1C8182B078F38002F732D /* Info.plist */ = {isa = PBXFileReference; lastKnownFileType = text.plist.xml; path = Info.plist; sourceTree = "<group>"; };
		ED442E692B195B5700A030C6 /* FiltersWorker.swift */ = {isa = PBXFileReference; lastKnownFileType = sourcecode.swift; path = FiltersWorker.swift; sourceTree = "<group>"; };
		ED442E6B2B19628900A030C6 /* FilterMemStore.swift */ = {isa = PBXFileReference; lastKnownFileType = sourcecode.swift; path = FilterMemStore.swift; sourceTree = "<group>"; };
		EDBE1C5F2B2FC4E500C41B37 /* GoogleService-Info.plist */ = {isa = PBXFileReference; fileEncoding = 4; lastKnownFileType = text.plist.xml; path = "GoogleService-Info.plist"; sourceTree = "<group>"; };
		EDC5DF4F2B2BE1A60089BCA3 /* EditPhotoPresenter.swift */ = {isa = PBXFileReference; lastKnownFileType = sourcecode.swift; path = EditPhotoPresenter.swift; sourceTree = "<group>"; };
		EDC5DF502B2BE1A60089BCA3 /* EditPhotoWorker.swift */ = {isa = PBXFileReference; lastKnownFileType = sourcecode.swift; path = EditPhotoWorker.swift; sourceTree = "<group>"; };
		EDC5DF512B2BE1A60089BCA3 /* EditPhotoRouter.swift */ = {isa = PBXFileReference; lastKnownFileType = sourcecode.swift; path = EditPhotoRouter.swift; sourceTree = "<group>"; };
		EDC5DF522B2BE1A60089BCA3 /* EditPhotoModels.swift */ = {isa = PBXFileReference; lastKnownFileType = sourcecode.swift; path = EditPhotoModels.swift; sourceTree = "<group>"; };
		EDC5DF532B2BE1A60089BCA3 /* EditPhotoViewController.swift */ = {isa = PBXFileReference; lastKnownFileType = sourcecode.swift; path = EditPhotoViewController.swift; sourceTree = "<group>"; };
		EDC5DF542B2BE1A60089BCA3 /* EditPhotoInteractor.swift */ = {isa = PBXFileReference; lastKnownFileType = sourcecode.swift; path = EditPhotoInteractor.swift; sourceTree = "<group>"; };
		EDE29D272B1F120F00C73406 /* SliderPropertyView.swift */ = {isa = PBXFileReference; lastKnownFileType = sourcecode.swift; path = SliderPropertyView.swift; sourceTree = "<group>"; };
		EDE29D292B1F652500C73406 /* ColorPickerPropertyView.swift */ = {isa = PBXFileReference; lastKnownFileType = sourcecode.swift; path = ColorPickerPropertyView.swift; sourceTree = "<group>"; };
		EDE29D2B2B1F668F00C73406 /* PropertyView.swift */ = {isa = PBXFileReference; lastKnownFileType = sourcecode.swift; path = PropertyView.swift; sourceTree = "<group>"; };
		EDEC73742B145DA400595A95 /* CameraPreviewPresenter.swift */ = {isa = PBXFileReference; lastKnownFileType = sourcecode.swift; path = CameraPreviewPresenter.swift; sourceTree = "<group>"; };
		EDEC73752B145DA400595A95 /* CameraPreviewWorker.swift */ = {isa = PBXFileReference; lastKnownFileType = sourcecode.swift; path = CameraPreviewWorker.swift; sourceTree = "<group>"; };
		EDEC73762B145DA400595A95 /* CameraPreviewRouter.swift */ = {isa = PBXFileReference; lastKnownFileType = sourcecode.swift; path = CameraPreviewRouter.swift; sourceTree = "<group>"; };
		EDEC73772B145DA400595A95 /* CameraPreviewModels.swift */ = {isa = PBXFileReference; lastKnownFileType = sourcecode.swift; path = CameraPreviewModels.swift; sourceTree = "<group>"; };
		EDEC73782B145DA400595A95 /* CameraPreviewViewController.swift */ = {isa = PBXFileReference; lastKnownFileType = sourcecode.swift; path = CameraPreviewViewController.swift; sourceTree = "<group>"; };
		EDEC73792B145DA400595A95 /* CameraPreviewInteractor.swift */ = {isa = PBXFileReference; lastKnownFileType = sourcecode.swift; path = CameraPreviewInteractor.swift; sourceTree = "<group>"; };
		EDEC73812B14636B00595A95 /* CameraFilter.swift */ = {isa = PBXFileReference; lastKnownFileType = sourcecode.swift; path = CameraFilter.swift; sourceTree = "<group>"; };
		EDEC73962B17329E00595A95 /* CreateFilterModels.swift */ = {isa = PBXFileReference; lastKnownFileType = sourcecode.swift; path = CreateFilterModels.swift; sourceTree = "<group>"; };
		EDEC739C2B181E1300595A95 /* ListFiltersModels.swift */ = {isa = PBXFileReference; lastKnownFileType = sourcecode.swift; path = ListFiltersModels.swift; sourceTree = "<group>"; };
		EDEC73A82B1823DE00595A95 /* ListFiltersInteractor.swift */ = {isa = PBXFileReference; lastKnownFileType = sourcecode.swift; path = ListFiltersInteractor.swift; sourceTree = "<group>"; };
		EDEC73AA2B18242D00595A95 /* ListFiltersPresenter.swift */ = {isa = PBXFileReference; lastKnownFileType = sourcecode.swift; path = ListFiltersPresenter.swift; sourceTree = "<group>"; };
		EDEC73AC2B18243C00595A95 /* ListFiltersViewController.swift */ = {isa = PBXFileReference; lastKnownFileType = sourcecode.swift; path = ListFiltersViewController.swift; sourceTree = "<group>"; };
		EDEC73B02B18244A00595A95 /* ListFiltersRouter.swift */ = {isa = PBXFileReference; lastKnownFileType = sourcecode.swift; path = ListFiltersRouter.swift; sourceTree = "<group>"; };
/* End PBXFileReference section */

/* Begin PBXFrameworksBuildPhase section */
		C2F1C8042B078F37002F732D /* Frameworks */ = {
			isa = PBXFrameworksBuildPhase;
			buildActionMask = 2147483647;
			files = (
				EDBE1C632B2FC59800C41B37 /* FirebaseAnalytics in Frameworks */,
				EDB191212B2971E400DD1BA9 /* RxSwift in Frameworks */,
			);
			runOnlyForDeploymentPostprocessing = 0;
		};
/* End PBXFrameworksBuildPhase section */

/* Begin PBXGroup section */
		C2F1C7FE2B078F37002F732D = {
			isa = PBXGroup;
			children = (
				EDBE1C5F2B2FC4E500C41B37 /* GoogleService-Info.plist */,
				C2F1C8092B078F37002F732D /* CameraFilterApp */,
				C2F1C8082B078F37002F732D /* Products */,
				ED97385B2B29593F007030CC /* Frameworks */,
			);
			sourceTree = "<group>";
		};
		C2F1C8082B078F37002F732D /* Products */ = {
			isa = PBXGroup;
			children = (
				C2F1C8072B078F37002F732D /* CameraFilterApp.app */,
			);
			name = Products;
			sourceTree = "<group>";
		};
		C2F1C8092B078F37002F732D /* CameraFilterApp */ = {
			isa = PBXGroup;
			children = (
				EDEC73802B14636400595A95 /* Models */,
				ED442E682B195B4200A030C6 /* Services */,
				ED442E672B195B2500A030C6 /* Workers */,
				EDEC736A2B145D1400595A95 /* Scenes */,
				C2F1C80A2B078F37002F732D /* AppDelegate.swift */,
				C2F1C80C2B078F37002F732D /* SceneDelegate.swift */,
				C2F1C8132B078F38002F732D /* Assets.xcassets */,
				C2F1C8152B078F38002F732D /* LaunchScreen.storyboard */,
				C2F1C8182B078F38002F732D /* Info.plist */,
			);
			path = CameraFilterApp;
			sourceTree = "<group>";
		};
		ED442E672B195B2500A030C6 /* Workers */ = {
			isa = PBXGroup;
			children = (
				ED442E692B195B5700A030C6 /* FiltersWorker.swift */,
			);
			path = Workers;
			sourceTree = "<group>";
		};
		ED442E682B195B4200A030C6 /* Services */ = {
			isa = PBXGroup;
			children = (
				ED442E6B2B19628900A030C6 /* FilterMemStore.swift */,
			);
			path = Services;
			sourceTree = "<group>";
		};
		ED97385B2B29593F007030CC /* Frameworks */ = {
			isa = PBXGroup;
			children = (
			);
			name = Frameworks;
			sourceTree = "<group>";
		};
		EDC5DF4E2B2BE1850089BCA3 /* EditPhoto */ = {
			isa = PBXGroup;
			children = (
				EDC5DF532B2BE1A60089BCA3 /* EditPhotoViewController.swift */,
				EDC5DF542B2BE1A60089BCA3 /* EditPhotoInteractor.swift */,
				EDC5DF4F2B2BE1A60089BCA3 /* EditPhotoPresenter.swift */,
				EDC5DF522B2BE1A60089BCA3 /* EditPhotoModels.swift */,
				EDC5DF502B2BE1A60089BCA3 /* EditPhotoWorker.swift */,
				EDC5DF512B2BE1A60089BCA3 /* EditPhotoRouter.swift */,
				C241E0E42B2DDC2500234A36 /* EditPhotoFilterCell.swift */,
			);
			path = EditPhoto;
			sourceTree = "<group>";
		};
		EDE29D2E2B1F6D3D00C73406 /* PropertyViews */ = {
			isa = PBXGroup;
			children = (
				EDE29D2B2B1F668F00C73406 /* PropertyView.swift */,
				EDE29D272B1F120F00C73406 /* SliderPropertyView.swift */,
				EDE29D292B1F652500C73406 /* ColorPickerPropertyView.swift */,
			);
			path = PropertyViews;
			sourceTree = "<group>";
		};
		EDEC736A2B145D1400595A95 /* Scenes */ = {
			isa = PBXGroup;
			children = (
				EDC5DF4E2B2BE1850089BCA3 /* EditPhoto */,
				EDEC739B2B181E0700595A95 /* ListFilters */,
				EDEC73952B17305200595A95 /* CreateFilter */,
				EDEC736B2B145D1A00595A95 /* CameraPreview */,
			);
			path = Scenes;
			sourceTree = "<group>";
		};
		EDEC736B2B145D1A00595A95 /* CameraPreview */ = {
			isa = PBXGroup;
			children = (
				EDEC73782B145DA400595A95 /* CameraPreviewViewController.swift */,
				EDEC73792B145DA400595A95 /* CameraPreviewInteractor.swift */,
				EDEC73742B145DA400595A95 /* CameraPreviewPresenter.swift */,
				EDEC73772B145DA400595A95 /* CameraPreviewModels.swift */,
				EDEC73752B145DA400595A95 /* CameraPreviewWorker.swift */,
				EDEC73762B145DA400595A95 /* CameraPreviewRouter.swift */,
				C284660D2B15EC7C006D4E40 /* FilterCell.swift */,
			);
			path = CameraPreview;
			sourceTree = "<group>";
		};
		EDEC73802B14636400595A95 /* Models */ = {
			isa = PBXGroup;
			children = (
				EDEC73872B14650D00595A95 /* Filters */,
			);
			path = Models;
			sourceTree = "<group>";
		};
		EDEC73872B14650D00595A95 /* Filters */ = {
			isa = PBXGroup;
			children = (
				EDEC73812B14636B00595A95 /* CameraFilter.swift */,
			);
			path = Filters;
			sourceTree = "<group>";
		};
		EDEC73952B17305200595A95 /* CreateFilter */ = {
			isa = PBXGroup;
			children = (
				C24464502B1B4EA100F0B029 /* CreateFilterViewController.swift */,
				C244644C2B1B4E7100F0B029 /* CreateFilterInteractor.swift */,
				C24464522B1B4EAC00F0B029 /* CreateFilterPresenter.swift */,
				EDEC73962B17329E00595A95 /* CreateFilterModels.swift */,
				C24464542B1B4EBC00F0B029 /* CreateFilterWorker.swift */,
				C24464562B1B4EC200F0B029 /* CreateFilterRouter.swift */,
				EDE29D2E2B1F6D3D00C73406 /* PropertyViews */,
			);
			path = CreateFilter;
			sourceTree = "<group>";
		};
		EDEC739B2B181E0700595A95 /* ListFilters */ = {
			isa = PBXGroup;
			children = (
				EDEC73AC2B18243C00595A95 /* ListFiltersViewController.swift */,
				EDEC73A82B1823DE00595A95 /* ListFiltersInteractor.swift */,
				EDEC73AA2B18242D00595A95 /* ListFiltersPresenter.swift */,
				EDEC739C2B181E1300595A95 /* ListFiltersModels.swift */,
				EDEC73B02B18244A00595A95 /* ListFiltersRouter.swift */,
				C24464482B1B1E3400F0B029 /* ListFilterCell.swift */,
			);
			path = ListFilters;
			sourceTree = "<group>";
		};
/* End PBXGroup section */

/* Begin PBXNativeTarget section */
		C2F1C8062B078F37002F732D /* CameraFilterApp */ = {
			isa = PBXNativeTarget;
			buildConfigurationList = C2F1C81B2B078F38002F732D /* Build configuration list for PBXNativeTarget "CameraFilterApp" */;
			buildPhases = (
				C2F1C8032B078F37002F732D /* Sources */,
				C2F1C8042B078F37002F732D /* Frameworks */,
				C2F1C8052B078F37002F732D /* Resources */,
				ED97386B2B29593F007030CC /* Embed Frameworks */,
			);
			buildRules = (
			);
			dependencies = (
			);
			name = CameraFilterApp;
			packageProductDependencies = (
				EDB191202B2971E400DD1BA9 /* RxSwift */,
				EDBE1C622B2FC59800C41B37 /* FirebaseAnalytics */,
			);
			productName = CameraFilterApp;
			productReference = C2F1C8072B078F37002F732D /* CameraFilterApp.app */;
			productType = "com.apple.product-type.application";
		};
/* End PBXNativeTarget section */

/* Begin PBXProject section */
		C2F1C7FF2B078F37002F732D /* Project object */ = {
			isa = PBXProject;
			attributes = {
				BuildIndependentTargetsInParallel = 1;
				LastSwiftUpdateCheck = 1500;
				LastUpgradeCheck = 1500;
				TargetAttributes = {
					C2F1C8062B078F37002F732D = {
						CreatedOnToolsVersion = 15.0.1;
					};
				};
			};
			buildConfigurationList = C2F1C8022B078F37002F732D /* Build configuration list for PBXProject "CameraFilterApp" */;
			compatibilityVersion = "Xcode 14.0";
			developmentRegion = en;
			hasScannedForEncodings = 0;
			knownRegions = (
				en,
				Base,
			);
			mainGroup = C2F1C7FE2B078F37002F732D;
			packageReferences = (
				ED97384A2B295889007030CC /* XCRemoteSwiftPackageReference "RxSwift" */,
				EDBE1C612B2FC59800C41B37 /* XCRemoteSwiftPackageReference "firebase-ios-sdk" */,
			);
			productRefGroup = C2F1C8082B078F37002F732D /* Products */;
			projectDirPath = "";
			projectRoot = "";
			targets = (
				C2F1C8062B078F37002F732D /* CameraFilterApp */,
			);
		};
/* End PBXProject section */

/* Begin PBXResourcesBuildPhase section */
		C2F1C8052B078F37002F732D /* Resources */ = {
			isa = PBXResourcesBuildPhase;
			buildActionMask = 2147483647;
			files = (
				C2F1C8172B078F38002F732D /* LaunchScreen.storyboard in Resources */,
				C2F1C8142B078F38002F732D /* Assets.xcassets in Resources */,
				EDBE1C602B2FC4E500C41B37 /* GoogleService-Info.plist in Resources */,
			);
			runOnlyForDeploymentPostprocessing = 0;
		};
/* End PBXResourcesBuildPhase section */

/* Begin PBXSourcesBuildPhase section */
		C2F1C8032B078F37002F732D /* Sources */ = {
			isa = PBXSourcesBuildPhase;
			buildActionMask = 2147483647;
			files = (
				ED442E6A2B195B5700A030C6 /* FiltersWorker.swift in Sources */,
				C24464512B1B4EA100F0B029 /* CreateFilterViewController.swift in Sources */,
				EDEC73B12B18244A00595A95 /* ListFiltersRouter.swift in Sources */,
				EDE29D2C2B1F668F00C73406 /* PropertyView.swift in Sources */,
				C24464532B1B4EAC00F0B029 /* CreateFilterPresenter.swift in Sources */,
				EDEC73AB2B18242D00595A95 /* ListFiltersPresenter.swift in Sources */,
				EDEC737F2B145DA400595A95 /* CameraPreviewInteractor.swift in Sources */,
				EDC5DF592B2BE1A60089BCA3 /* EditPhotoViewController.swift in Sources */,
				EDC5DF552B2BE1A60089BCA3 /* EditPhotoPresenter.swift in Sources */,
				C284660E2B15EC7C006D4E40 /* FilterCell.swift in Sources */,
				C24464552B1B4EBC00F0B029 /* CreateFilterWorker.swift in Sources */,
				C2F1C80B2B078F37002F732D /* AppDelegate.swift in Sources */,
				EDE29D2A2B1F652500C73406 /* ColorPickerPropertyView.swift in Sources */,
				EDEC737E2B145DA400595A95 /* CameraPreviewViewController.swift in Sources */,
				EDEC73AD2B18243C00595A95 /* ListFiltersViewController.swift in Sources */,
				ED442E6C2B19628900A030C6 /* FilterMemStore.swift in Sources */,
				C241E0E52B2DDC2500234A36 /* EditPhotoFilterCell.swift in Sources */,
				C24464492B1B1E3400F0B029 /* ListFilterCell.swift in Sources */,
				C244644D2B1B4E7100F0B029 /* CreateFilterInteractor.swift in Sources */,
				EDEC737C2B145DA400595A95 /* CameraPreviewRouter.swift in Sources */,
				EDE29D282B1F120F00C73406 /* SliderPropertyView.swift in Sources */,
				EDEC739D2B181E1300595A95 /* ListFiltersModels.swift in Sources */,
				EDC5DF582B2BE1A60089BCA3 /* EditPhotoModels.swift in Sources */,
				EDEC73822B14636B00595A95 /* CameraFilter.swift in Sources */,
				EDC5DF572B2BE1A60089BCA3 /* EditPhotoRouter.swift in Sources */,
				EDEC737A2B145DA400595A95 /* CameraPreviewPresenter.swift in Sources */,
				C2F1C80D2B078F37002F732D /* SceneDelegate.swift in Sources */,
				C24464572B1B4EC200F0B029 /* CreateFilterRouter.swift in Sources */,
				EDEC73972B17329E00595A95 /* CreateFilterModels.swift in Sources */,
				EDEC73A92B1823DE00595A95 /* ListFiltersInteractor.swift in Sources */,
				EDC5DF5A2B2BE1A60089BCA3 /* EditPhotoInteractor.swift in Sources */,
				EDC5DF562B2BE1A60089BCA3 /* EditPhotoWorker.swift in Sources */,
				EDEC737D2B145DA400595A95 /* CameraPreviewModels.swift in Sources */,
				EDEC737B2B145DA400595A95 /* CameraPreviewWorker.swift in Sources */,
			);
			runOnlyForDeploymentPostprocessing = 0;
		};
/* End PBXSourcesBuildPhase section */

/* Begin PBXVariantGroup section */
		C2F1C8152B078F38002F732D /* LaunchScreen.storyboard */ = {
			isa = PBXVariantGroup;
			children = (
				C2F1C8162B078F38002F732D /* Base */,
			);
			name = LaunchScreen.storyboard;
			sourceTree = "<group>";
		};
/* End PBXVariantGroup section */

/* Begin XCBuildConfiguration section */
		C2F1C8192B078F38002F732D /* Debug */ = {
			isa = XCBuildConfiguration;
			buildSettings = {
				ALWAYS_SEARCH_USER_PATHS = NO;
				ASSETCATALOG_COMPILER_GENERATE_SWIFT_ASSET_SYMBOL_EXTENSIONS = YES;
				CLANG_ANALYZER_NONNULL = YES;
				CLANG_ANALYZER_NUMBER_OBJECT_CONVERSION = YES_AGGRESSIVE;
				CLANG_CXX_LANGUAGE_STANDARD = "gnu++20";
				CLANG_ENABLE_MODULES = YES;
				CLANG_ENABLE_OBJC_ARC = YES;
				CLANG_ENABLE_OBJC_WEAK = YES;
				CLANG_WARN_BLOCK_CAPTURE_AUTORELEASING = YES;
				CLANG_WARN_BOOL_CONVERSION = YES;
				CLANG_WARN_COMMA = YES;
				CLANG_WARN_CONSTANT_CONVERSION = YES;
				CLANG_WARN_DEPRECATED_OBJC_IMPLEMENTATIONS = YES;
				CLANG_WARN_DIRECT_OBJC_ISA_USAGE = YES_ERROR;
				CLANG_WARN_DOCUMENTATION_COMMENTS = YES;
				CLANG_WARN_EMPTY_BODY = YES;
				CLANG_WARN_ENUM_CONVERSION = YES;
				CLANG_WARN_INFINITE_RECURSION = YES;
				CLANG_WARN_INT_CONVERSION = YES;
				CLANG_WARN_NON_LITERAL_NULL_CONVERSION = YES;
				CLANG_WARN_OBJC_IMPLICIT_RETAIN_SELF = YES;
				CLANG_WARN_OBJC_LITERAL_CONVERSION = YES;
				CLANG_WARN_OBJC_ROOT_CLASS = YES_ERROR;
				CLANG_WARN_QUOTED_INCLUDE_IN_FRAMEWORK_HEADER = YES;
				CLANG_WARN_RANGE_LOOP_ANALYSIS = YES;
				CLANG_WARN_STRICT_PROTOTYPES = YES;
				CLANG_WARN_SUSPICIOUS_MOVE = YES;
				CLANG_WARN_UNGUARDED_AVAILABILITY = YES_AGGRESSIVE;
				CLANG_WARN_UNREACHABLE_CODE = YES;
				CLANG_WARN__DUPLICATE_METHOD_MATCH = YES;
				COPY_PHASE_STRIP = NO;
				DEBUG_INFORMATION_FORMAT = dwarf;
				ENABLE_STRICT_OBJC_MSGSEND = YES;
				ENABLE_TESTABILITY = YES;
				ENABLE_USER_SCRIPT_SANDBOXING = YES;
				GCC_C_LANGUAGE_STANDARD = gnu17;
				GCC_DYNAMIC_NO_PIC = NO;
				GCC_NO_COMMON_BLOCKS = YES;
				GCC_OPTIMIZATION_LEVEL = 0;
				GCC_PREPROCESSOR_DEFINITIONS = (
					"DEBUG=1",
					"$(inherited)",
				);
				GCC_WARN_64_TO_32_BIT_CONVERSION = YES;
				GCC_WARN_ABOUT_RETURN_TYPE = YES_ERROR;
				GCC_WARN_UNDECLARED_SELECTOR = YES;
				GCC_WARN_UNINITIALIZED_AUTOS = YES_AGGRESSIVE;
				GCC_WARN_UNUSED_FUNCTION = YES;
				GCC_WARN_UNUSED_VARIABLE = YES;
				IPHONEOS_DEPLOYMENT_TARGET = 13.0;
				LOCALIZATION_PREFERS_STRING_CATALOGS = YES;
				MTL_ENABLE_DEBUG_INFO = INCLUDE_SOURCE;
				MTL_FAST_MATH = YES;
				ONLY_ACTIVE_ARCH = YES;
				SDKROOT = iphoneos;
				SWIFT_ACTIVE_COMPILATION_CONDITIONS = "DEBUG $(inherited)";
				SWIFT_OPTIMIZATION_LEVEL = "-Onone";
			};
			name = Debug;
		};
		C2F1C81A2B078F38002F732D /* Release */ = {
			isa = XCBuildConfiguration;
			buildSettings = {
				ALWAYS_SEARCH_USER_PATHS = NO;
				ASSETCATALOG_COMPILER_GENERATE_SWIFT_ASSET_SYMBOL_EXTENSIONS = YES;
				CLANG_ANALYZER_NONNULL = YES;
				CLANG_ANALYZER_NUMBER_OBJECT_CONVERSION = YES_AGGRESSIVE;
				CLANG_CXX_LANGUAGE_STANDARD = "gnu++20";
				CLANG_ENABLE_MODULES = YES;
				CLANG_ENABLE_OBJC_ARC = YES;
				CLANG_ENABLE_OBJC_WEAK = YES;
				CLANG_WARN_BLOCK_CAPTURE_AUTORELEASING = YES;
				CLANG_WARN_BOOL_CONVERSION = YES;
				CLANG_WARN_COMMA = YES;
				CLANG_WARN_CONSTANT_CONVERSION = YES;
				CLANG_WARN_DEPRECATED_OBJC_IMPLEMENTATIONS = YES;
				CLANG_WARN_DIRECT_OBJC_ISA_USAGE = YES_ERROR;
				CLANG_WARN_DOCUMENTATION_COMMENTS = YES;
				CLANG_WARN_EMPTY_BODY = YES;
				CLANG_WARN_ENUM_CONVERSION = YES;
				CLANG_WARN_INFINITE_RECURSION = YES;
				CLANG_WARN_INT_CONVERSION = YES;
				CLANG_WARN_NON_LITERAL_NULL_CONVERSION = YES;
				CLANG_WARN_OBJC_IMPLICIT_RETAIN_SELF = YES;
				CLANG_WARN_OBJC_LITERAL_CONVERSION = YES;
				CLANG_WARN_OBJC_ROOT_CLASS = YES_ERROR;
				CLANG_WARN_QUOTED_INCLUDE_IN_FRAMEWORK_HEADER = YES;
				CLANG_WARN_RANGE_LOOP_ANALYSIS = YES;
				CLANG_WARN_STRICT_PROTOTYPES = YES;
				CLANG_WARN_SUSPICIOUS_MOVE = YES;
				CLANG_WARN_UNGUARDED_AVAILABILITY = YES_AGGRESSIVE;
				CLANG_WARN_UNREACHABLE_CODE = YES;
				CLANG_WARN__DUPLICATE_METHOD_MATCH = YES;
				COPY_PHASE_STRIP = NO;
				DEBUG_INFORMATION_FORMAT = "dwarf-with-dsym";
				ENABLE_NS_ASSERTIONS = NO;
				ENABLE_STRICT_OBJC_MSGSEND = YES;
				ENABLE_USER_SCRIPT_SANDBOXING = YES;
				GCC_C_LANGUAGE_STANDARD = gnu17;
				GCC_NO_COMMON_BLOCKS = YES;
				GCC_WARN_64_TO_32_BIT_CONVERSION = YES;
				GCC_WARN_ABOUT_RETURN_TYPE = YES_ERROR;
				GCC_WARN_UNDECLARED_SELECTOR = YES;
				GCC_WARN_UNINITIALIZED_AUTOS = YES_AGGRESSIVE;
				GCC_WARN_UNUSED_FUNCTION = YES;
				GCC_WARN_UNUSED_VARIABLE = YES;
				IPHONEOS_DEPLOYMENT_TARGET = 13.0;
				LOCALIZATION_PREFERS_STRING_CATALOGS = YES;
				MTL_ENABLE_DEBUG_INFO = NO;
				MTL_FAST_MATH = YES;
				SDKROOT = iphoneos;
				SWIFT_COMPILATION_MODE = wholemodule;
				VALIDATE_PRODUCT = YES;
			};
			name = Release;
		};
		C2F1C81C2B078F38002F732D /* Debug */ = {
			isa = XCBuildConfiguration;
			buildSettings = {
				ASSETCATALOG_COMPILER_APPICON_NAME = AppIcon;
				ASSETCATALOG_COMPILER_GLOBAL_ACCENT_COLOR_NAME = AccentColor;
				"CODE_SIGN_IDENTITY[sdk=iphoneos*]" = "iPhone Developer";
				CODE_SIGN_STYLE = Manual;
				CURRENT_PROJECT_VERSION = 1;
				DEVELOPMENT_TEAM = "";
				"DEVELOPMENT_TEAM[sdk=iphoneos*]" = C2GQEYW6B8;
				GENERATE_INFOPLIST_FILE = YES;
				INFOPLIST_FILE = CameraFilterApp/Info.plist;
				INFOPLIST_KEY_NSCameraUsageDescription = "use camera";
				INFOPLIST_KEY_UIApplicationSupportsIndirectInputEvents = YES;
				INFOPLIST_KEY_UILaunchStoryboardName = LaunchScreen;
				INFOPLIST_KEY_UISupportedInterfaceOrientations = UIInterfaceOrientationPortrait;
				INFOPLIST_KEY_UISupportedInterfaceOrientations_iPad = "UIInterfaceOrientationLandscapeLeft UIInterfaceOrientationLandscapeRight UIInterfaceOrientationPortrait UIInterfaceOrientationPortraitUpsideDown";
				IPHONEOS_DEPLOYMENT_TARGET = 14.0;
				LD_RUNPATH_SEARCH_PATHS = (
					"$(inherited)",
					"@executable_path/Frameworks",
				);
				MARKETING_VERSION = 1.0;
				PRODUCT_BUNDLE_IDENTIFIER = com.elvin.CameraFilterApp;
				PRODUCT_NAME = "$(TARGET_NAME)";
				PROVISIONING_PROFILE_SPECIFIER = "";
				"PROVISIONING_PROFILE_SPECIFIER[sdk=iphoneos*]" = IZDeveloper;
				SUPPORTED_PLATFORMS = "iphoneos iphonesimulator";
				SUPPORTS_MACCATALYST = NO;
				SWIFT_EMIT_LOC_STRINGS = YES;
				SWIFT_VERSION = 5.0;
				TARGETED_DEVICE_FAMILY = 1;
			};
			name = Debug;
		};
		C2F1C81D2B078F38002F732D /* Release */ = {
			isa = XCBuildConfiguration;
			buildSettings = {
				ASSETCATALOG_COMPILER_APPICON_NAME = AppIcon;
				ASSETCATALOG_COMPILER_GLOBAL_ACCENT_COLOR_NAME = AccentColor;
				"CODE_SIGN_IDENTITY[sdk=iphoneos*]" = "iPhone Developer";
				CODE_SIGN_STYLE = Manual;
				CURRENT_PROJECT_VERSION = 1;
				DEVELOPMENT_TEAM = "";
				"DEVELOPMENT_TEAM[sdk=iphoneos*]" = C2GQEYW6B8;
				GENERATE_INFOPLIST_FILE = YES;
				INFOPLIST_FILE = CameraFilterApp/Info.plist;
				INFOPLIST_KEY_NSCameraUsageDescription = "use camera";
				INFOPLIST_KEY_UIApplicationSupportsIndirectInputEvents = YES;
				INFOPLIST_KEY_UILaunchStoryboardName = LaunchScreen;
				INFOPLIST_KEY_UISupportedInterfaceOrientations = UIInterfaceOrientationPortrait;
				INFOPLIST_KEY_UISupportedInterfaceOrientations_iPad = "UIInterfaceOrientationLandscapeLeft UIInterfaceOrientationLandscapeRight UIInterfaceOrientationPortrait UIInterfaceOrientationPortraitUpsideDown";
				IPHONEOS_DEPLOYMENT_TARGET = 14.0;
				LD_RUNPATH_SEARCH_PATHS = (
					"$(inherited)",
					"@executable_path/Frameworks",
				);
				MARKETING_VERSION = 1.0;
				PRODUCT_BUNDLE_IDENTIFIER = com.elvin.CameraFilterApp;
				PRODUCT_NAME = "$(TARGET_NAME)";
				PROVISIONING_PROFILE_SPECIFIER = "";
				"PROVISIONING_PROFILE_SPECIFIER[sdk=iphoneos*]" = IZDeveloper;
				SUPPORTED_PLATFORMS = "iphoneos iphonesimulator";
				SUPPORTS_MACCATALYST = NO;
				SWIFT_EMIT_LOC_STRINGS = YES;
				SWIFT_VERSION = 5.0;
				TARGETED_DEVICE_FAMILY = 1;
			};
			name = Release;
		};
/* End XCBuildConfiguration section */

/* Begin XCConfigurationList section */
		C2F1C8022B078F37002F732D /* Build configuration list for PBXProject "CameraFilterApp" */ = {
			isa = XCConfigurationList;
			buildConfigurations = (
				C2F1C8192B078F38002F732D /* Debug */,
				C2F1C81A2B078F38002F732D /* Release */,
			);
			defaultConfigurationIsVisible = 0;
			defaultConfigurationName = Release;
		};
		C2F1C81B2B078F38002F732D /* Build configuration list for PBXNativeTarget "CameraFilterApp" */ = {
			isa = XCConfigurationList;
			buildConfigurations = (
				C2F1C81C2B078F38002F732D /* Debug */,
				C2F1C81D2B078F38002F732D /* Release */,
			);
			defaultConfigurationIsVisible = 0;
			defaultConfigurationName = Release;
		};
/* End XCConfigurationList section */

/* Begin XCRemoteSwiftPackageReference section */
		ED97384A2B295889007030CC /* XCRemoteSwiftPackageReference "RxSwift" */ = {
			isa = XCRemoteSwiftPackageReference;
			repositoryURL = "https://github.com/ReactiveX/RxSwift";
			requirement = {
				kind = upToNextMajorVersion;
				minimumVersion = 6.6.0;
			};
		};
		EDBE1C612B2FC59800C41B37 /* XCRemoteSwiftPackageReference "firebase-ios-sdk" */ = {
			isa = XCRemoteSwiftPackageReference;
			repositoryURL = "https://github.com/firebase/firebase-ios-sdk";
			requirement = {
				kind = upToNextMajorVersion;
				minimumVersion = 10.19.1;
			};
		};
/* End XCRemoteSwiftPackageReference section */

/* Begin XCSwiftPackageProductDependency section */
		EDB191202B2971E400DD1BA9 /* RxSwift */ = {
			isa = XCSwiftPackageProductDependency;
			package = ED97384A2B295889007030CC /* XCRemoteSwiftPackageReference "RxSwift" */;
			productName = RxSwift;
		};
		EDBE1C622B2FC59800C41B37 /* FirebaseAnalytics */ = {
			isa = XCSwiftPackageProductDependency;
			package = EDBE1C612B2FC59800C41B37 /* XCRemoteSwiftPackageReference "firebase-ios-sdk" */;
			productName = FirebaseAnalytics;
		};
/* End XCSwiftPackageProductDependency section */
	};
	rootObject = C2F1C7FF2B078F37002F732D /* Project object */;
}
